
Microsoft Visual Studio Solution File, Format Version 12.00
# Visual Studio Version 16
VisualStudioVersion = 16.0.31515.178
MinimumVisualStudioVersion = 10.0.40219.1
Project("{9A19103F-16F7-4668-BE54-9A1E7A4F7556}") = "EagleRockHub", "EagleRockHub\EagleRockHub.csproj", "{D5C48B08-4858-41BA-999C-1BFD20D5F536}"
EndProject
Global
	GlobalSection(SolutionConfigurationPlatforms) = preSolution
		Debug|Any CPU = Debug|Any CPU
		Release|Any CPU = Release|Any CPU
	EndGlobalSection
	GlobalSection(ProjectConfigurationPlatforms) = postSolution
		{D5C48B08-4858-41BA-999C-1BFD20D5F536}.Debug|Any CPU.ActiveCfg = Debug|Any CPU
		{D5C48B08-4858-41BA-999C-1BFD20D5F536}.Debug|Any CPU.Build.0 = Debug|Any CPU
		{D5C48B08-4858-41BA-999C-1BFD20D5F536}.Release|Any CPU.ActiveCfg = Release|Any CPU
		{D5C48B08-4858-41BA-999C-1BFD20D5F536}.Release|Any CPU.Build.0 = Release|Any CPU
	EndGlobalSection
	GlobalSection(SolutionProperties) = preSolution
		HideSolutionNode = FALSE
	EndGlobalSection
	GlobalSection(ExtensibilityGlobals) = postSolution
		SolutionGuid = {2DD07550-984D-4D32-AAED-3053D4BC1597}
	EndGlobalSection
EndGlobal
